
Microsoft Visual Studio Solution File, Format Version 12.00
# Visual Studio 15
VisualStudioVersion = 15.0.26430.6
MinimumVisualStudioVersion = 10.0.40219.1
Project("{FAE04EC0-301F-11D3-BF4B-00C04F79EFBC}") = "Hello", "Hello\Hello.csproj", "{D98B52B4-94D0-4CB0-96A9-CEA5487EF4BA}"
EndProject
Global
	GlobalSection(SolutionConfigurationPlatforms) = preSolution
		Debug|Any CPU = Debug|Any CPU
		Release|Any CPU = Release|Any CPU
	EndGlobalSection
	GlobalSection(ProjectConfigurationPlatforms) = postSolution
		{D98B52B4-94D0-4CB0-96A9-CEA5487EF4BA}.Debug|Any CPU.ActiveCfg = Debug|Any CPU
		{D98B52B4-94D0-4CB0-96A9-CEA5487EF4BA}.Debug|Any CPU.Build.0 = Debug|Any CPU
		{D98B52B4-94D0-4CB0-96A9-CEA5487EF4BA}.Release|Any CPU.ActiveCfg = Release|Any CPU
		{D98B52B4-94D0-4CB0-96A9-CEA5487EF4BA}.Release|Any CPU.Build.0 = Release|Any CPU
	EndGlobalSection
	GlobalSection(SolutionProperties) = preSolution
		HideSolutionNode = FALSE
	EndGlobalSection
EndGlobal
